<?xml version="1.0" encoding="utf-8"?>
<Project ToolsVersion="4.0" xmlns="http://schemas.microsoft.com/developer/msbuild/2003">
  <ItemGroup>
    <Filter Include="Source Files">
      <UniqueIdentifier>{4FC737F1-C7A5-4376-A066-2A32D752A2FF}</UniqueIdentifier>
      <Extensions>cpp;c;cc;cxx;c++;cppm;ixx;def;odl;idl;hpj;bat;asm;asmx</Extensions>
    </Filter>
    <Filter Include="Header Files">
      <UniqueIdentifier>{93995380-89BD-4b04-88EB-625FBE52EBFB}</UniqueIdentifier>
      <Extensions>h;hh;hpp;hxx;h++;hm;inl;inc;ipp;xsd</Extensions>
    </Filter>
    <Filter Include="Resource Files">
      <UniqueIdentifier>{67DA6AB6-F800-4c08-8B7A-83BB121AAD01}</UniqueIdentifier>
      <Extensions>rc;ico;cur;bmp;dlg;rc2;rct;bin;rgs;gif;jpg;jpeg;jpe;resx;tiff;tif;png;wav;mfcribbon-ms</Extensions>
    </Filter>
    <Filter Include="Header Files\Components">
      <UniqueIdentifier>{59c54022-b749-4681-b286-b98137ff6df7}</UniqueIdentifier>
    </Filter>
    <Filter Include="Header Files\Data">
      <UniqueIdentifier>{7829f500-1253-422c-a98a-0892d07cc3fc}</UniqueIdentifier>
    </Filter>
    <Filter Include="Header Files\Systems">
      <UniqueIdentifier>{473571de-2ceb-4033-98e6-f8f97f3fe392}</UniqueIdentifier>
    </Filter>
    <Filter Include="Source Files\Systems">
      <UniqueIdentifier>{89f60177-7230-4548-bf40-7b2bb7011987}</UniqueIdentifier>
    </Filter>
    <Filter Include="Header Files\Core">
      <UniqueIdentifier>{76dbbb51-b85f-4440-8722-d35de2ce0ae4}</UniqueIdentifier>
    </Filter>
    <Filter Include="Source Files\Data">
      <UniqueIdentifier>{ac1a6f76-56b7-40f6-8393-e42badd8e7ec}</UniqueIdentifier>
    </Filter>
    <Filter Include="Source Files\Core">
      <UniqueIdentifier>{81499f90-4b1c-4ccf-8aae-6ca0345deb9b}</UniqueIdentifier>
    </Filter>
  </ItemGroup>
  <ItemGroup>
    <None Include="packages.config" />
    <None Include=".gitattributes" />
    <None Include=".gitignore" />
    <None Include="README.md" />
  </ItemGroup>
  <ItemGroup>
    <Text Include="assets\enemies.txt" />
    <Text Include="assets\powerups.txt" />
    <Text Include="assets\weapons.txt" />
  </ItemGroup>
  <ItemGroup>
    <ClInclude Include="src\Components\ActivePowerup.h">
      <Filter>Header Files</Filter>
    </ClInclude>
    <ClInclude Include="src\Components\Enemy.h">
      <Filter>Header Files</Filter>
    </ClInclude>
    <ClInclude Include="src\Components\Health.h">
      <Filter>Header Files</Filter>
    </ClInclude>
    <ClInclude Include="src\Components\Position.h">
      <Filter>Header Files</Filter>
    </ClInclude>
    <ClInclude Include="src\Components\Powerup.h">
      <Filter>Header Files</Filter>
    </ClInclude>
    <ClInclude Include="src\Data\ProjectileData.h">
      <Filter>Header Files</Filter>
    </ClInclude>
    <ClInclude Include="src\Components\Velocity.h">
      <Filter>Header Files</Filter>
    </ClInclude>
    <ClInclude Include="src\Core\Entity.h">
      <Filter>Header Files</Filter>
    </ClInclude>
    <ClInclude Include="src\Core\GameWorld.h">
      <Filter>Header Files</Filter>
    </ClInclude>
    <ClInclude Include="src\Data\DataParser.h">
      <Filter>Header Files</Filter>
    </ClInclude>
    <ClInclude Include="src\Data\EnemyData.h">
      <Filter>Header Files</Filter>
    </ClInclude>
    <ClInclude Include="src\Data\EnemyDatabase.h">
      <Filter>Header Files</Filter>
    </ClInclude>
    <ClInclude Include="src\Data\EnemyDefinition.h">
      <Filter>Header Files</Filter>
    </ClInclude>
    <ClInclude Include="src\Data\PlayerData.h">
      <Filter>Header Files</Filter>
    </ClInclude>
    <ClInclude Include="src\Data\PowerDefinition.h">
      <Filter>Header Files</Filter>
    </ClInclude>
    <ClInclude Include="src\Data\PowerupDatabase.h">
      <Filter>Header Files</Filter>
    </ClInclude>
    <ClInclude Include="src\Data\WeaponDatabase.h">
      <Filter>Header Files</Filter>
    </ClInclude>
    <ClInclude Include="src\Data\WeaponDefinition.h">
      <Filter>Header Files</Filter>
    </ClInclude>
    <ClInclude Include="src\Systems\AISystem.h">
      <Filter>Header Files</Filter>
    </ClInclude>
    <ClInclude Include="src\Systems\CollisionSystem.h">
      <Filter>Header Files</Filter>
    </ClInclude>
    <ClInclude Include="src\Systems\MovementSystem.h">
      <Filter>Header Files</Filter>
    </ClInclude>
    <ClInclude Include="src\Systems\PowerupSystem.h">
      <Filter>Header Files</Filter>
    </ClInclude>
    <ClInclude Include="src\Systems\ProjectileSystem.h">
      <Filter>Header Files</Filter>
    </ClInclude>
    <ClInclude Include="src\Systems\SpawnSystem.h">
      <Filter>Header Files</Filter>
    </ClInclude>
    <ClInclude Include="src\Systems\WeaponSystem.h">
      <Filter>Header Files</Filter>
    </ClInclude>
    <ClInclude Include="src\Game.h">
      <Filter>Header Files</Filter>
    </ClInclude>
    <ClInclude Include="src\Player.h">
      <Filter>Header Files</Filter>
    </ClInclude>
    <ClInclude Include="src\Renderer.h">
      <Filter>Header Files</Filter>
    </ClInclude>
  </ItemGroup>
  <ItemGroup>
    <ClCompile Include="src\Core\Entity.cpp">
      <Filter>Source Files</Filter>
    </ClCompile>
    <ClCompile Include="src\Core\GameWorld.cpp">
      <Filter>Source Files</Filter>
    </ClCompile>
    <ClCompile Include="src\Data\DataParser.cpp">
      <Filter>Source Files</Filter>
    </ClCompile>
    <ClCompile Include="src\Data\EnemyDatabase.cpp">
      <Filter>Source Files</Filter>
    </ClCompile>
    <ClCompile Include="src\Data\PowerupDatabase.cpp">
      <Filter>Source Files</Filter>
    </ClCompile>
    <ClCompile Include="src\Data\WeaponDatabase.cpp">
      <Filter>Source Files</Filter>
    </ClCompile>
    <ClCompile Include="src\Systems\AISystem.cpp">
      <Filter>Source Files</Filter>
    </ClCompile>
    <ClCompile Include="src\Systems\CollisionSystem.cpp">
      <Filter>Source Files</Filter>
    </ClCompile>
    <ClCompile Include="src\Systems\MovementSystem.cpp">
      <Filter>Source Files</Filter>
    </ClCompile>
    <ClCompile Include="src\Systems\PowerupSystem.cpp">
      <Filter>Source Files</Filter>
    </ClCompile>
    <ClCompile Include="src\Systems\ProjectileSystem.cpp">
      <Filter>Source Files</Filter>
    </ClCompile>
    <ClCompile Include="src\Systems\SpawnSystem.cpp">
      <Filter>Source Files</Filter>
    </ClCompile>
    <ClCompile Include="src\Systems\WeaponSystem.cpp">
      <Filter>Source Files</Filter>
    </ClCompile>
    <ClCompile Include="src\Game.cpp">
      <Filter>Source Files</Filter>
    </ClCompile>
    <ClCompile Include="src\main.cpp">
      <Filter>Source Files</Filter>
    </ClCompile>
    <ClCompile Include="src\Player.cpp">
      <Filter>Source Files</Filter>
    </ClCompile>
    <ClCompile Include="src\Renderer.cpp">
      <Filter>Source Files</Filter>
    </ClCompile>
  </ItemGroup>
</Project>