<?xml version="1.0" encoding="utf-8"?>
<Project ToolsVersion="4.0" xmlns="http://schemas.microsoft.com/developer/msbuild/2003">
  <ItemGroup>
    <Filter Include="Source Files">
      <UniqueIdentifier>{4FC737F1-C7A5-4376-A066-2A32D752A2FF}</UniqueIdentifier>
      <Extensions>cpp;c;cc;cxx;c++;cppm;ixx;def;odl;idl;hpj;bat;asm;asmx</Extensions>
    </Filter>
    <Filter Include="Header Files">
      <UniqueIdentifier>{93995380-89BD-4b04-88EB-625FBE52EBFB}</UniqueIdentifier>
      <Extensions>h;hh;hpp;hxx;h++;hm;inl;inc;ipp;xsd</Extensions>
    </Filter>
    <Filter Include="Resource Files">
      <UniqueIdentifier>{67DA6AB6-F800-4c08-8B7A-83BB121AAD01}</UniqueIdentifier>
      <Extensions>rc;ico;cur;bmp;dlg;rc2;rct;bin;rgs;gif;jpg;jpeg;jpe;resx;tiff;tif;png;wav;mfcribbon-ms</Extensions>
    </Filter>
    <Filter Include="Header Files\Components">
      <UniqueIdentifier>{59c54022-b749-4681-b286-b98137ff6df7}</UniqueIdentifier>
    </Filter>
    <Filter Include="Header Files\Data">
      <UniqueIdentifier>{7829f500-1253-422c-a98a-0892d07cc3fc}</UniqueIdentifier>
    </Filter>
    <Filter Include="Header Files\Systems">
      <UniqueIdentifier>{473571de-2ceb-4033-98e6-f8f97f3fe392}</UniqueIdentifier>
    </Filter>
    <Filter Include="Source Files\Systems">
      <UniqueIdentifier>{89f60177-7230-4548-bf40-7b2bb7011987}</UniqueIdentifier>
    </Filter>
    <Filter Include="Header Files\Core">
      <UniqueIdentifier>{76dbbb51-b85f-4440-8722-d35de2ce0ae4}</UniqueIdentifier>
    </Filter>
    <Filter Include="Source Files\Data">
      <UniqueIdentifier>{ac1a6f76-56b7-40f6-8393-e42badd8e7ec}</UniqueIdentifier>
    </Filter>
  </ItemGroup>
  <ItemGroup>
    <ClInclude Include="Renderer.h">
      <Filter>Header Files</Filter>
    </ClInclude>
    <ClInclude Include="Player.h">
      <Filter>Header Files</Filter>
    </ClInclude>
    <ClInclude Include="Entity.h">
      <Filter>Header Files</Filter>
    </ClInclude>
    <ClInclude Include="Position.h">
      <Filter>Header Files\Components</Filter>
    </ClInclude>
    <ClInclude Include="Velocity.h">
      <Filter>Header Files\Components</Filter>
    </ClInclude>
    <ClInclude Include="ProjectileData.h">
      <Filter>Header Files\Data</Filter>
    </ClInclude>
    <ClInclude Include="MovementSystem.h">
      <Filter>Header Files\Systems</Filter>
    </ClInclude>
    <ClInclude Include="ProjectileSystem.h">
      <Filter>Header Files\Systems</Filter>
    </ClInclude>
    <ClInclude Include="PlayerData.h">
      <Filter>Header Files\Data</Filter>
    </ClInclude>
    <ClInclude Include="Enemy.h">
      <Filter>Header Files\Components</Filter>
    </ClInclude>
    <ClInclude Include="Health.h">
      <Filter>Header Files\Components</Filter>
    </ClInclude>
    <ClInclude Include="Game.h">
      <Filter>Header Files\Core</Filter>
    </ClInclude>
    <ClInclude Include="SpawnSystem.h">
      <Filter>Header Files\Systems</Filter>
    </ClInclude>
    <ClInclude Include="AISystem.h">
      <Filter>Header Files\Systems</Filter>
    </ClInclude>
    <ClInclude Include="CollisionSystem.h">
      <Filter>Header Files\Systems</Filter>
    </ClInclude>
    <ClInclude Include="DamageSystem.h">
      <Filter>Header Files\Systems</Filter>
    </ClInclude>
    <ClInclude Include="WeaponDefinition.h">
      <Filter>Header Files\Data</Filter>
    </ClInclude>
    <ClInclude Include="EnemyDefinition.h">
      <Filter>Header Files\Data</Filter>
    </ClInclude>
    <ClInclude Include="DataParser.h">
      <Filter>Header Files\Data</Filter>
    </ClInclude>
    <ClInclude Include="WeaponDatabase.h">
      <Filter>Header Files\Data</Filter>
    </ClInclude>
    <ClInclude Include="EnemyDatabase.h">
      <Filter>Header Files\Data</Filter>
    </ClInclude>
    <ClInclude Include="WeaponSystem.h">
      <Filter>Header Files\Systems</Filter>
    </ClInclude>
  </ItemGroup>
  <ItemGroup>
    <None Include="packages.config" />
    <None Include="GameWorld.h">
      <Filter>Header Files\Core</Filter>
    </None>
  </ItemGroup>
  <ItemGroup>
    <ClCompile Include="Renderer.cpp">
      <Filter>Source Files</Filter>
    </ClCompile>
    <ClCompile Include="main.cpp">
      <Filter>Source Files</Filter>
    </ClCompile>
    <ClCompile Include="Player.cpp">
      <Filter>Source Files</Filter>
    </ClCompile>
    <ClCompile Include="Game.cpp">
      <Filter>Source Files</Filter>
    </ClCompile>
    <ClCompile Include="Entity.cpp">
      <Filter>Source Files</Filter>
    </ClCompile>
    <ClCompile Include="GameWorld.cpp">
      <Filter>Source Files</Filter>
    </ClCompile>
    <ClCompile Include="ProjectileSystem.cpp">
      <Filter>Source Files\Systems</Filter>
    </ClCompile>
    <ClCompile Include="MovementSystem.cpp">
      <Filter>Source Files\Systems</Filter>
    </ClCompile>
    <ClCompile Include="SpawnSystem.cpp">
      <Filter>Source Files\Systems</Filter>
    </ClCompile>
    <ClCompile Include="AISystem.cpp">
      <Filter>Source Files\Systems</Filter>
    </ClCompile>
    <ClCompile Include="CollisionSystem.cpp">
      <Filter>Source Files\Systems</Filter>
    </ClCompile>
    <ClCompile Include="DataParser.cpp">
      <Filter>Source Files\Data</Filter>
    </ClCompile>
    <ClCompile Include="WeaponDatabase.cpp">
      <Filter>Source Files\Data</Filter>
    </ClCompile>
    <ClCompile Include="EnemyDatabase.cpp">
      <Filter>Source Files\Data</Filter>
    </ClCompile>
    <ClCompile Include="WeaponSystem.cpp">
      <Filter>Source Files\Systems</Filter>
    </ClCompile>
  </ItemGroup>
</Project>